
Microsoft Visual Studio Solution File, Format Version 12.00
# Visual Studio 15
VisualStudioVersion = 15.0.27428.2027
MinimumVisualStudioVersion = 10.0.40219.1
Project("{FAE04EC0-301F-11D3-BF4B-00C04F79EFBC}") = "AULA_C2", "AULA_C2\AULA_C2.csproj", "{83DC9CA7-9C75-47E7-ADF0-9EEE8479F3A3}"
EndProject
Global
	GlobalSection(SolutionConfigurationPlatforms) = preSolution
		Debug|Any CPU = Debug|Any CPU
		Release|Any CPU = Release|Any CPU
	EndGlobalSection
	GlobalSection(ProjectConfigurationPlatforms) = postSolution
		{83DC9CA7-9C75-47E7-ADF0-9EEE8479F3A3}.Debug|Any CPU.ActiveCfg = Debug|Any CPU
		{83DC9CA7-9C75-47E7-ADF0-9EEE8479F3A3}.Debug|Any CPU.Build.0 = Debug|Any CPU
		{83DC9CA7-9C75-47E7-ADF0-9EEE8479F3A3}.Release|Any CPU.ActiveCfg = Release|Any CPU
		{83DC9CA7-9C75-47E7-ADF0-9EEE8479F3A3}.Release|Any CPU.Build.0 = Release|Any CPU
	EndGlobalSection
	GlobalSection(SolutionProperties) = preSolution
		HideSolutionNode = FALSE
	EndGlobalSection
	GlobalSection(ExtensibilityGlobals) = postSolution
		SolutionGuid = {DA3CBC32-886B-49DB-A11A-19DF78013593}
	EndGlobalSection
EndGlobal
